
Microsoft Visual Studio Solution File, Format Version 12.00
# Visual Studio 15
VisualStudioVersion = 15.0.26430.14
MinimumVisualStudioVersion = 10.0.40219.1
Project("{FAE04EC0-301F-11D3-BF4B-00C04F79EFBC}") = "EX5_MutliThreadedWithEvent", "EX5_MutliThreadedWithEvent.csproj", "{31452885-1F7D-4169-B04B-FDD054506FEF}"
EndProject
Global
	GlobalSection(SolutionConfigurationPlatforms) = preSolution
		Debug|x64 = Debug|x64
		Release|x64 = Release|x64
	EndGlobalSection
	GlobalSection(ProjectConfigurationPlatforms) = postSolution
		{31452885-1F7D-4169-B04B-FDD054506FEF}.Debug|x64.ActiveCfg = Debug|x64
		{31452885-1F7D-4169-B04B-FDD054506FEF}.Debug|x64.Build.0 = Debug|x64
		{31452885-1F7D-4169-B04B-FDD054506FEF}.Release|x64.ActiveCfg = Release|x64
		{31452885-1F7D-4169-B04B-FDD054506FEF}.Release|x64.Build.0 = Release|x64
	EndGlobalSection
	GlobalSection(SolutionProperties) = preSolution
		HideSolutionNode = FALSE
	EndGlobalSection
EndGlobal
