
Microsoft Visual Studio Solution File, Format Version 12.00
# Visual Studio Version 16
VisualStudioVersion = 16.0.30011.22
MinimumVisualStudioVersion = 10.0.40219.1
Project("{F184B08F-C81C-45F6-A57F-5ABD9991F28F}") = "EX3_BasicMoves", "EX3_BasicMoves.vbproj", "{8744166E-2DBA-453C-97FE-5FA4A9206E4E}"
EndProject
Global
	GlobalSection(SolutionConfigurationPlatforms) = preSolution
		Debug|Any CPU = Debug|Any CPU
		Debug|x64 = Debug|x64
		Debug|x86 = Debug|x86
		Release|Any CPU = Release|Any CPU
		Release|x64 = Release|x64
		Release|x86 = Release|x86
	EndGlobalSection
	GlobalSection(ProjectConfigurationPlatforms) = postSolution
		{8744166E-2DBA-453C-97FE-5FA4A9206E4E}.Debug|Any CPU.ActiveCfg = Debug|Any CPU
		{8744166E-2DBA-453C-97FE-5FA4A9206E4E}.Debug|Any CPU.Build.0 = Debug|Any CPU
		{8744166E-2DBA-453C-97FE-5FA4A9206E4E}.Debug|x64.ActiveCfg = Debug|x64
		{8744166E-2DBA-453C-97FE-5FA4A9206E4E}.Debug|x64.Build.0 = Debug|x64
		{8744166E-2DBA-453C-97FE-5FA4A9206E4E}.Debug|x86.ActiveCfg = Debug|x86
		{8744166E-2DBA-453C-97FE-5FA4A9206E4E}.Debug|x86.Build.0 = Debug|x86
		{8744166E-2DBA-453C-97FE-5FA4A9206E4E}.Release|Any CPU.ActiveCfg = Release|Any CPU
		{8744166E-2DBA-453C-97FE-5FA4A9206E4E}.Release|Any CPU.Build.0 = Release|Any CPU
		{8744166E-2DBA-453C-97FE-5FA4A9206E4E}.Release|x64.ActiveCfg = Release|x64
		{8744166E-2DBA-453C-97FE-5FA4A9206E4E}.Release|x64.Build.0 = Release|x64
		{8744166E-2DBA-453C-97FE-5FA4A9206E4E}.Release|x86.ActiveCfg = Release|x86
		{8744166E-2DBA-453C-97FE-5FA4A9206E4E}.Release|x86.Build.0 = Release|x86
	EndGlobalSection
	GlobalSection(SolutionProperties) = preSolution
		HideSolutionNode = FALSE
	EndGlobalSection
	GlobalSection(ExtensibilityGlobals) = postSolution
		SolutionGuid = {FE76629B-DEA3-4379-9700-EC88B8BB2C5E}
	EndGlobalSection
EndGlobal
