
Microsoft Visual Studio Solution File, Format Version 12.00
# Visual Studio Version 16
VisualStudioVersion = 16.0.30011.22
MinimumVisualStudioVersion = 10.0.40219.1
Project("{FAE04EC0-301F-11D3-BF4B-00C04F79EFBC}") = "EX6_PVT", "EX6_PVT.csproj", "{F429CC18-6C7E-4A81-9D78-9FB501E4212E}"
EndProject
Global
	GlobalSection(SolutionConfigurationPlatforms) = preSolution
		Debug|Any CPU = Debug|Any CPU
		Debug|x64 = Debug|x64
		Debug|x86 = Debug|x86
		Release|Any CPU = Release|Any CPU
		Release|x64 = Release|x64
		Release|x86 = Release|x86
	EndGlobalSection
	GlobalSection(ProjectConfigurationPlatforms) = postSolution
		{F429CC18-6C7E-4A81-9D78-9FB501E4212E}.Debug|Any CPU.ActiveCfg = Debug|Any CPU
		{F429CC18-6C7E-4A81-9D78-9FB501E4212E}.Debug|Any CPU.Build.0 = Debug|Any CPU
		{F429CC18-6C7E-4A81-9D78-9FB501E4212E}.Debug|x64.ActiveCfg = Debug|x64
		{F429CC18-6C7E-4A81-9D78-9FB501E4212E}.Debug|x64.Build.0 = Debug|x64
		{F429CC18-6C7E-4A81-9D78-9FB501E4212E}.Debug|x86.ActiveCfg = Debug|x86
		{F429CC18-6C7E-4A81-9D78-9FB501E4212E}.Debug|x86.Build.0 = Debug|x86
		{F429CC18-6C7E-4A81-9D78-9FB501E4212E}.Release|Any CPU.ActiveCfg = Release|Any CPU
		{F429CC18-6C7E-4A81-9D78-9FB501E4212E}.Release|Any CPU.Build.0 = Release|Any CPU
		{F429CC18-6C7E-4A81-9D78-9FB501E4212E}.Release|x64.ActiveCfg = Release|x64
		{F429CC18-6C7E-4A81-9D78-9FB501E4212E}.Release|x64.Build.0 = Release|x64
		{F429CC18-6C7E-4A81-9D78-9FB501E4212E}.Release|x86.ActiveCfg = Release|x86
		{F429CC18-6C7E-4A81-9D78-9FB501E4212E}.Release|x86.Build.0 = Release|x86
	EndGlobalSection
	GlobalSection(SolutionProperties) = preSolution
		HideSolutionNode = FALSE
	EndGlobalSection
	GlobalSection(ExtensibilityGlobals) = postSolution
		SolutionGuid = {A51F671F-C1C4-41C2-A90B-C5CF54D13E00}
	EndGlobalSection
EndGlobal
