
Microsoft Visual Studio Solution File, Format Version 12.00
# Visual Studio Version 16
VisualStudioVersion = 16.0.30011.22
MinimumVisualStudioVersion = 10.0.40219.1
Project("{F184B08F-C81C-45F6-A57F-5ABD9991F28F}") = "CMO_VBNET2019_TEMPLATE", "CMO_VBNET2019_TEMPLATE.vbproj", "{F26F2BC6-3131-4FA7-B9E0-06374289CFD7}"
EndProject
Global
	GlobalSection(SolutionConfigurationPlatforms) = preSolution
		Debug|Any CPU = Debug|Any CPU
		Debug|x64 = Debug|x64
		Release|Any CPU = Release|Any CPU
		Release|x64 = Release|x64
	EndGlobalSection
	GlobalSection(ProjectConfigurationPlatforms) = postSolution
		{F26F2BC6-3131-4FA7-B9E0-06374289CFD7}.Debug|Any CPU.ActiveCfg = Debug|Any CPU
		{F26F2BC6-3131-4FA7-B9E0-06374289CFD7}.Debug|Any CPU.Build.0 = Debug|Any CPU
		{F26F2BC6-3131-4FA7-B9E0-06374289CFD7}.Debug|x64.ActiveCfg = Debug|x64
		{F26F2BC6-3131-4FA7-B9E0-06374289CFD7}.Debug|x64.Build.0 = Debug|x64
		{F26F2BC6-3131-4FA7-B9E0-06374289CFD7}.Release|Any CPU.ActiveCfg = Release|Any CPU
		{F26F2BC6-3131-4FA7-B9E0-06374289CFD7}.Release|Any CPU.Build.0 = Release|Any CPU
		{F26F2BC6-3131-4FA7-B9E0-06374289CFD7}.Release|x64.ActiveCfg = Release|x64
		{F26F2BC6-3131-4FA7-B9E0-06374289CFD7}.Release|x64.Build.0 = Release|x64
	EndGlobalSection
	GlobalSection(SolutionProperties) = preSolution
		HideSolutionNode = FALSE
	EndGlobalSection
	GlobalSection(ExtensibilityGlobals) = postSolution
		SolutionGuid = {3B591281-BB64-4500-BB14-787B7134867A}
	EndGlobalSection
EndGlobal
